
Microsoft Visual Studio Solution File, Format Version 12.00
# Visual Studio Version 17
VisualStudioVersion = 17.6.33815.320
MinimumVisualStudioVersion = 10.0.40219.1
Project("{FAE04EC0-301F-11D3-BF4B-00C04F79EFBC}") = "TestsSiesa", "TestsSiesa\TestsSiesa.csproj", "{19140403-1CD6-4348-BF5C-E620CDEA4702}"
EndProject
Global
	GlobalSection(SolutionConfigurationPlatforms) = preSolution
		Debug|Any CPU = Debug|Any CPU
		Release|Any CPU = Release|Any CPU
	EndGlobalSection
	GlobalSection(ProjectConfigurationPlatforms) = postSolution
		{19140403-1CD6-4348-BF5C-E620CDEA4702}.Debug|Any CPU.ActiveCfg = Debug|Any CPU
		{19140403-1CD6-4348-BF5C-E620CDEA4702}.Debug|Any CPU.Build.0 = Debug|Any CPU
		{19140403-1CD6-4348-BF5C-E620CDEA4702}.Release|Any CPU.ActiveCfg = Release|Any CPU
		{19140403-1CD6-4348-BF5C-E620CDEA4702}.Release|Any CPU.Build.0 = Release|Any CPU
	EndGlobalSection
	GlobalSection(SolutionProperties) = preSolution
		HideSolutionNode = FALSE
	EndGlobalSection
	GlobalSection(ExtensibilityGlobals) = postSolution
		SolutionGuid = {BD45F62B-29A1-4563-9D00-BB5476AFDF61}
	EndGlobalSection
EndGlobal
